
Microsoft Visual Studio Solution File, Format Version 12.00
Project("{FAE04EC0-301F-11D3-BF4B-00C04F79EFBC}") = "CardonizerServer.Api", "CardonizerServer.Api\CardonizerServer.Api.csproj", "{79AEB08E-4939-4BD6-A1A5-A2573C1978D7}"
EndProject
Project("{FAE04EC0-301F-11D3-BF4B-00C04F79EFBC}") = "CardonizerServer.UnitTests", "CardonizerServer.UnitTests\CardonizerServer.UnitTests.csproj", "{8D97D4AD-C918-4338-822B-14D56E3EE7A6}"
EndProject
Global
	GlobalSection(SolutionConfigurationPlatforms) = preSolution
		Debug|Any CPU = Debug|Any CPU
		Release|Any CPU = Release|Any CPU
	EndGlobalSection
	GlobalSection(ProjectConfigurationPlatforms) = postSolution
		{79AEB08E-4939-4BD6-A1A5-A2573C1978D7}.Debug|Any CPU.ActiveCfg = Debug|Any CPU
		{79AEB08E-4939-4BD6-A1A5-A2573C1978D7}.Debug|Any CPU.Build.0 = Debug|Any CPU
		{79AEB08E-4939-4BD6-A1A5-A2573C1978D7}.Release|Any CPU.ActiveCfg = Release|Any CPU
		{79AEB08E-4939-4BD6-A1A5-A2573C1978D7}.Release|Any CPU.Build.0 = Release|Any CPU
		{8D97D4AD-C918-4338-822B-14D56E3EE7A6}.Debug|Any CPU.ActiveCfg = Debug|Any CPU
		{8D97D4AD-C918-4338-822B-14D56E3EE7A6}.Debug|Any CPU.Build.0 = Debug|Any CPU
		{8D97D4AD-C918-4338-822B-14D56E3EE7A6}.Release|Any CPU.ActiveCfg = Release|Any CPU
		{8D97D4AD-C918-4338-822B-14D56E3EE7A6}.Release|Any CPU.Build.0 = Release|Any CPU
	EndGlobalSection
EndGlobal
